{
  "name": "@myfrom/notifier",
  "version": "3.0.0-alpha.1",
  "lockfileVersion": 1,
  "requires": true,
  "dependencies": {
    "@babel/parser": {
      "version": "7.6.4",
      "resolved": "https://registry.npmjs.org/@babel/parser/-/parser-7.6.4.tgz",
      "integrity": "sha512-D8RHPW5qd0Vbyo3qb+YjO5nvUVRTXFLQ/FsDxJU2Nqz4uB5EnUN0ZQSEYpvTIbRuttig1XbHWU5oMeQwQSAA+A==",
      "dev": true
    },
    "@material/animation": {
      "version": "4.0.0-canary.e851d4f40.0",
      "resolved": "https://registry.npmjs.org/@material/animation/-/animation-4.0.0-canary.e851d4f40.0.tgz",
      "integrity": "sha512-vpEp7ZDC69+WTYwPQkEbhU6ePz6Xx494XzEZZEx8v9gCHBhYlww+2FarKmKuYSZzrSgAxpNWKEW8+zSt+LjJpQ==",
      "requires": {
        "tslib": "^1.9.3"
      }
    },
    "@material/base": {
      "version": "4.0.0-canary.e851d4f40.0",
      "resolved": "https://registry.npmjs.org/@material/base/-/base-4.0.0-canary.e851d4f40.0.tgz",
      "integrity": "sha512-MpFAsiPNMYmSINpVSibD0qKBjTI3ZhzAgKbg1WqIUmsC5EEKIBwiaS5w+y7cZrXTtSB2qtR7gaV4ySY4bSKkcA==",
      "requires": {
        "tslib": "^1.9.3"
      }
    },
    "@material/button": {
      "version": "4.0.0-canary.e851d4f40.0",
      "resolved": "https://registry.npmjs.org/@material/button/-/button-4.0.0-canary.e851d4f40.0.tgz",
      "integrity": "sha512-bdVVviEqZ1RUBAulyfij72hD7ct3TulKr8JE3Yr8IaZefCc0ijqdqkktoNOA2bX7MikT3CdauEP8DCG8WwYUig==",
      "requires": {
        "@material/density": "^4.0.0-canary.e851d4f40.0",
        "@material/elevation": "^4.0.0-canary.e851d4f40.0",
        "@material/feature-targeting": "^4.0.0-canary.e851d4f40.0",
        "@material/ripple": "^4.0.0-canary.e851d4f40.0",
        "@material/rtl": "^4.0.0-canary.e851d4f40.0",
        "@material/shape": "^4.0.0-canary.e851d4f40.0",
        "@material/theme": "^4.0.0-canary.e851d4f40.0",
        "@material/typography": "^4.0.0-canary.e851d4f40.0"
      }
    },
    "@material/density": {
      "version": "4.0.0-canary.e851d4f40.0",
      "resolved": "https://registry.npmjs.org/@material/density/-/density-4.0.0-canary.e851d4f40.0.tgz",
      "integrity": "sha512-v2nHSv1G9c57yUEZ3UmAvt00DHshA6gmM1gb023D0gxtirC4dQiwOEnwmdEJsuLNPwo9zlcLUezgisZikLzr/Q=="
    },
    "@material/dialog": {
      "version": "4.0.0-canary.e851d4f40.0",
      "resolved": "https://registry.npmjs.org/@material/dialog/-/dialog-4.0.0-canary.e851d4f40.0.tgz",
      "integrity": "sha512-7OpHySKluZmJAt/S/wFiAttR2vcLDCDqURXNQ6z04JmUkZqyxI8zzoO+cAqYRTSUDbvGI9Ni3aeWFe4VRUCifQ==",
      "requires": {
        "@material/animation": "^4.0.0-canary.e851d4f40.0",
        "@material/base": "^4.0.0-canary.e851d4f40.0",
        "@material/dom": "^4.0.0-canary.e851d4f40.0",
        "@material/elevation": "^4.0.0-canary.e851d4f40.0",
        "@material/feature-targeting": "^4.0.0-canary.e851d4f40.0",
        "@material/ripple": "^4.0.0-canary.e851d4f40.0",
        "@material/rtl": "^4.0.0-canary.e851d4f40.0",
        "@material/shape": "^4.0.0-canary.e851d4f40.0",
        "@material/theme": "^4.0.0-canary.e851d4f40.0",
        "@material/typography": "^4.0.0-canary.e851d4f40.0",
        "focus-trap": "^5.0.0",
        "tslib": "^1.9.3"
      }
    },
    "@material/dom": {
      "version": "4.0.0-canary.e851d4f40.0",
      "resolved": "https://registry.npmjs.org/@material/dom/-/dom-4.0.0-canary.e851d4f40.0.tgz",
      "integrity": "sha512-6fSE4jckJ/rZ448wCmktdWX2RdPLTUUM67wWWPjPklt1JG/ZWMtgijqcgOTI4i0imJcVkV/buQNR56t5tkBFrA==",
      "requires": {
        "tslib": "^1.9.3"
      }
    },
    "@material/elevation": {
      "version": "4.0.0-canary.e851d4f40.0",
      "resolved": "https://registry.npmjs.org/@material/elevation/-/elevation-4.0.0-canary.e851d4f40.0.tgz",
      "integrity": "sha512-OjVI0GZC4t+WnOgZgynwe27IEZHbyLHQQRNOb9tY03c+ZKQzB4rQq8J0UcovUzi+8tPkVbF+yVkgua3qURPXNQ==",
      "requires": {
        "@material/animation": "^4.0.0-canary.e851d4f40.0",
        "@material/feature-targeting": "^4.0.0-canary.e851d4f40.0",
        "@material/theme": "^4.0.0-canary.e851d4f40.0"
      }
    },
    "@material/feature-targeting": {
      "version": "4.0.0-canary.e851d4f40.0",
      "resolved": "https://registry.npmjs.org/@material/feature-targeting/-/feature-targeting-4.0.0-canary.e851d4f40.0.tgz",
      "integrity": "sha512-/s7vYo8T2mN5CbOtgT7s16+0JGUiS+PJm/65uVmdfwfjXG8e2zk5LQxObJDAac6D6j8PfVXEzepne/+ueeGQmQ=="
    },
    "@material/icon-button": {
      "version": "4.0.0-canary.e851d4f40.0",
      "resolved": "https://registry.npmjs.org/@material/icon-button/-/icon-button-4.0.0-canary.e851d4f40.0.tgz",
      "integrity": "sha512-QypjUumYnNqJ1zQ/DcP9UNpgLbPOkW3m7/yyC6NfGKH/X0zmJg7dSrg8x8dbu2QruG4nBW1Rs351KvHczYT+QA==",
      "requires": {
        "@material/base": "^4.0.0-canary.e851d4f40.0",
        "@material/feature-targeting": "^4.0.0-canary.e851d4f40.0",
        "@material/ripple": "^4.0.0-canary.e851d4f40.0",
        "@material/theme": "^4.0.0-canary.e851d4f40.0",
        "tslib": "^1.9.3"
      }
    },
    "@material/mwc-base": {
      "version": "0.10.0",
      "resolved": "https://registry.npmjs.org/@material/mwc-base/-/mwc-base-0.10.0.tgz",
      "integrity": "sha512-/zEKGsVKU8XYJ0w8xeaDamiNUap5daLoyadMD0icYfAqvUTDmv9Ick/5OTBLX7xxlUIOkuKIObhuY2nLi0rDPQ==",
      "requires": {
        "@material/base": "=4.0.0-canary.e851d4f40.0",
        "@material/dom": "=4.0.0-canary.e851d4f40.0",
        "@material/ripple": "=4.0.0-canary.e851d4f40.0",
        "lit-element": "^2.2.1",
        "tslib": "^1.10.0"
      }
    },
    "@material/mwc-dialog": {
      "version": "0.10.0",
      "resolved": "https://registry.npmjs.org/@material/mwc-dialog/-/mwc-dialog-0.10.0.tgz",
      "integrity": "sha512-36f9I0Re4/6nQlruOjUtVpk7gwpqBOle1UIaNdmZ/rHuQItWrVo4+pLG6HsJik+a59/5tGg3+17KmohIGRMgCw==",
      "requires": {
        "@material/dialog": "=4.0.0-canary.e851d4f40.0",
        "@material/dom": "=4.0.0-canary.e851d4f40.0",
        "@material/mwc-base": "^0.10.0",
        "@material/touch-target": "=4.0.0-canary.e851d4f40.0",
        "blocking-elements": "^0.1.0",
        "lit-element": "^2.2.1",
        "lit-html": "^1.1.2",
        "tslib": "^1.10.0",
        "wicg-inert": "^3.0.0"
      }
    },
    "@material/mwc-snackbar": {
      "version": "0.10.0",
      "resolved": "https://registry.npmjs.org/@material/mwc-snackbar/-/mwc-snackbar-0.10.0.tgz",
      "integrity": "sha512-QEJkVUs5ToCxzXdXqzUgHO3TBAqUeuXJQYQW6MB8noG9rPo6OvbVbfyOuKG7Lz0AOrlIdeVAhaLWVSVu7SJflQ==",
      "requires": {
        "@material/mwc-base": "^0.10.0",
        "@material/snackbar": "=4.0.0-canary.e851d4f40.0",
        "lit-element": "^2.2.1",
        "lit-html": "^1.1.2",
        "tslib": "^1.10.0"
      }
    },
    "@material/ripple": {
      "version": "4.0.0-canary.e851d4f40.0",
      "resolved": "https://registry.npmjs.org/@material/ripple/-/ripple-4.0.0-canary.e851d4f40.0.tgz",
      "integrity": "sha512-NYiDfxea/L7pM9uA6h8FogOCWm7qDjUHzfzmR3nnGL0I2RCXOYuKkbpjqBhlarX3xBz8SKmq+3Jl/UEoc6C9Aw==",
      "requires": {
        "@material/animation": "^4.0.0-canary.e851d4f40.0",
        "@material/base": "^4.0.0-canary.e851d4f40.0",
        "@material/dom": "^4.0.0-canary.e851d4f40.0",
        "@material/feature-targeting": "^4.0.0-canary.e851d4f40.0",
        "@material/theme": "^4.0.0-canary.e851d4f40.0",
        "tslib": "^1.9.3"
      }
    },
    "@material/rtl": {
      "version": "4.0.0-canary.e851d4f40.0",
      "resolved": "https://registry.npmjs.org/@material/rtl/-/rtl-4.0.0-canary.e851d4f40.0.tgz",
      "integrity": "sha512-Xo7BZJ82Ba5UZsE8uGTX5P21FDcVjJ4mhRptH2ovaPo6w8KpA29eYOi6zbaRkDEFU9YbSrekTmfRarui4ahbbw=="
    },
    "@material/shape": {
      "version": "4.0.0-canary.e851d4f40.0",
      "resolved": "https://registry.npmjs.org/@material/shape/-/shape-4.0.0-canary.e851d4f40.0.tgz",
      "integrity": "sha512-i1v7xS4pI+bddTTlgSpO4pZJhgF4nB4yp50WqKVKT4VzwaVYETyMSW2PnWJ6TUerH9IAz/BaeqVI8FGWdYvoUA==",
      "requires": {
        "@material/feature-targeting": "^4.0.0-canary.e851d4f40.0"
      }
    },
    "@material/snackbar": {
      "version": "4.0.0-canary.e851d4f40.0",
      "resolved": "https://registry.npmjs.org/@material/snackbar/-/snackbar-4.0.0-canary.e851d4f40.0.tgz",
      "integrity": "sha512-8gIaKsFDYQ34eWrOPAAZCId7d45mApQmdHYjJ9Ou4EnCiE/C4Sw/xyeG+iv7iM51l8IKBBcYqPr72o6A/WAQrw==",
      "requires": {
        "@material/animation": "^4.0.0-canary.e851d4f40.0",
        "@material/base": "^4.0.0-canary.e851d4f40.0",
        "@material/button": "^4.0.0-canary.e851d4f40.0",
        "@material/dom": "^4.0.0-canary.e851d4f40.0",
        "@material/feature-targeting": "^4.0.0-canary.e851d4f40.0",
        "@material/icon-button": "^4.0.0-canary.e851d4f40.0",
        "@material/ripple": "^4.0.0-canary.e851d4f40.0",
        "@material/rtl": "^4.0.0-canary.e851d4f40.0",
        "@material/shape": "^4.0.0-canary.e851d4f40.0",
        "@material/theme": "^4.0.0-canary.e851d4f40.0",
        "@material/typography": "^4.0.0-canary.e851d4f40.0",
        "tslib": "^1.9.3"
      }
    },
    "@material/theme": {
      "version": "4.0.0-canary.e851d4f40.0",
      "resolved": "https://registry.npmjs.org/@material/theme/-/theme-4.0.0-canary.e851d4f40.0.tgz",
      "integrity": "sha512-071SZ8TYsoBzOvISiIMca9O2/eJNcp7q/KGU/DWeks8wd8ygTd1AQG+jWHrLNM/QLQbGw5drDWxJvLF6XQPYUQ==",
      "requires": {
        "@material/feature-targeting": "^4.0.0-canary.e851d4f40.0"
      }
    },
    "@material/touch-target": {
      "version": "4.0.0-canary.e851d4f40.0",
      "resolved": "https://registry.npmjs.org/@material/touch-target/-/touch-target-4.0.0-canary.e851d4f40.0.tgz",
      "integrity": "sha512-uU+K1Xc07II6iHekQir1XxNlBI0yT0b5bMz0EhED5xmS7FMZCn5wCc3QEEBQru4vOwTtl3LhckVfbxiXYRz1aw==",
      "requires": {
        "@material/feature-targeting": "^4.0.0-canary.e851d4f40.0"
      }
    },
    "@material/typography": {
      "version": "4.0.0-canary.e851d4f40.0",
      "resolved": "https://registry.npmjs.org/@material/typography/-/typography-4.0.0-canary.e851d4f40.0.tgz",
      "integrity": "sha512-8AeMJovgY5e4jOmnnsAfSAsZgxEo/HmHKkwpaZnxDuY2zGkRZnqQ+F147RpslkDWMJos235KFyAUuMuJ3okL6Q==",
      "requires": {
        "@material/feature-targeting": "^4.0.0-canary.e851d4f40.0"
      }
    },
    "argparse": {
      "version": "1.0.10",
      "resolved": "https://registry.npmjs.org/argparse/-/argparse-1.0.10.tgz",
      "integrity": "sha512-o5Roy6tNG4SL/FOkCAN6RzjiakZS25RLYFrcMttJqbdd8BWrnA+fGz57iN5Pb06pvBGvl5gQ0B48dJlslXvoTg==",
      "dev": true,
      "requires": {
        "sprintf-js": "~1.0.2"
      }
    },
    "blocking-elements": {
      "version": "0.1.0",
      "resolved": "https://registry.npmjs.org/blocking-elements/-/blocking-elements-0.1.0.tgz",
      "integrity": "sha512-m9UvynAHLhlWH4vSovSDAopW7DyJ91qeDnNrJqy+DE+tjhUYiXW1x7pOm3DZBczlQPPypWpOwOz5xd5A76vNvg=="
    },
    "bluebird": {
      "version": "3.7.1",
      "resolved": "https://registry.npmjs.org/bluebird/-/bluebird-3.7.1.tgz",
      "integrity": "sha512-DdmyoGCleJnkbp3nkbxTLJ18rjDsE4yCggEwKNXkeV123sPNfOCYeDoeuOY+F2FrSjO1YXcTU+dsy96KMy+gcg==",
      "dev": true
    },
    "catharsis": {
      "version": "0.8.11",
      "resolved": "https://registry.npmjs.org/catharsis/-/catharsis-0.8.11.tgz",
      "integrity": "sha512-a+xUyMV7hD1BrDQA/3iPV7oc+6W26BgVJO05PGEoatMyIuPScQKsde6i3YorWX1qs+AZjnJ18NqdKoCtKiNh1g==",
      "dev": true,
      "requires": {
        "lodash": "^4.17.14"
      }
    },
    "entities": {
      "version": "1.1.2",
      "resolved": "https://registry.npmjs.org/entities/-/entities-1.1.2.tgz",
      "integrity": "sha512-f2LZMYl1Fzu7YSBKg+RoROelpOaNrcGmE9AZubeDfrCEia483oW4MI4VyFd5VNHIgQ/7qm1I0wUHK1eJnn2y2w==",
      "dev": true
    },
    "escape-string-regexp": {
      "version": "2.0.0",
      "resolved": "https://registry.npmjs.org/escape-string-regexp/-/escape-string-regexp-2.0.0.tgz",
      "integrity": "sha512-UpzcLCXolUWcNu5HtVMHYdXJjArjsF9C0aNnquZYY4uW/Vu0miy5YoWvbV345HauVvcAUnpRuhMMcqTcGOY2+w==",
      "dev": true
    },
    "focus-trap": {
      "version": "5.0.2",
      "resolved": "https://registry.npmjs.org/focus-trap/-/focus-trap-5.0.2.tgz",
      "integrity": "sha512-jQf4ZkX9qOhiNrga4pRh9N2vMqYLRuGM7RZ6VRDLgti04cbG8m7XD4xlU/N0M0cqwDYtXbdzSBQDbRIwqn0FIg==",
      "requires": {
        "tabbable": "^4.0.0",
        "xtend": "^4.0.1"
      }
    },
    "graceful-fs": {
      "version": "4.2.2",
      "resolved": "https://registry.npmjs.org/graceful-fs/-/graceful-fs-4.2.2.tgz",
      "integrity": "sha512-IItsdsea19BoLC7ELy13q1iJFNmd7ofZH5+X/pJr90/nRoPEX0DJo1dHDbgtYWOhJhcCgMDTOw84RZ72q6lB+Q==",
      "dev": true
    },
    "js2xmlparser": {
      "version": "4.0.0",
      "resolved": "https://registry.npmjs.org/js2xmlparser/-/js2xmlparser-4.0.0.tgz",
      "integrity": "sha512-WuNgdZOXVmBk5kUPMcTcVUpbGRzLfNkv7+7APq7WiDihpXVKrgxo6wwRpRl9OQeEBgKCVk9mR7RbzrnNWC8oBw==",
      "dev": true,
      "requires": {
        "xmlcreate": "^2.0.0"
      }
    },
    "jsdoc": {
      "version": "3.6.3",
      "resolved": "https://registry.npmjs.org/jsdoc/-/jsdoc-3.6.3.tgz",
      "integrity": "sha512-Yf1ZKA3r9nvtMWHO1kEuMZTlHOF8uoQ0vyo5eH7SQy5YeIiHM+B0DgKnn+X6y6KDYZcF7G2SPkKF+JORCXWE/A==",
      "dev": true,
      "requires": {
        "@babel/parser": "^7.4.4",
        "bluebird": "^3.5.4",
        "catharsis": "^0.8.11",
        "escape-string-regexp": "^2.0.0",
        "js2xmlparser": "^4.0.0",
        "klaw": "^3.0.0",
        "markdown-it": "^8.4.2",
        "markdown-it-anchor": "^5.0.2",
        "marked": "^0.7.0",
        "mkdirp": "^0.5.1",
        "requizzle": "^0.2.3",
        "strip-json-comments": "^3.0.1",
        "taffydb": "2.6.2",
        "underscore": "~1.9.1"
      }
    },
    "klaw": {
      "version": "3.0.0",
      "resolved": "https://registry.npmjs.org/klaw/-/klaw-3.0.0.tgz",
      "integrity": "sha512-0Fo5oir+O9jnXu5EefYbVK+mHMBeEVEy2cmctR1O1NECcCkPRreJKrS6Qt/j3KC2C148Dfo9i3pCmCMsdqGr0g==",
      "dev": true,
      "requires": {
        "graceful-fs": "^4.1.9"
      }
    },
    "linkify-it": {
      "version": "2.2.0",
      "resolved": "https://registry.npmjs.org/linkify-it/-/linkify-it-2.2.0.tgz",
      "integrity": "sha512-GnAl/knGn+i1U/wjBz3akz2stz+HrHLsxMwHQGofCDfPvlf+gDKN58UtfmUquTY4/MXeE2x7k19KQmeoZi94Iw==",
      "dev": true,
      "requires": {
        "uc.micro": "^1.0.1"
      }
    },
    "lit-element": {
      "version": "2.2.1",
      "resolved": "https://registry.npmjs.org/lit-element/-/lit-element-2.2.1.tgz",
      "integrity": "sha512-ipDcgQ1EpW6Va2Z6dWm79jYdimVepO5GL0eYkZrFvdr0OD/1N260Q9DH+K5HXHFrRoC7dOg+ZpED2XE0TgGdXw==",
      "requires": {
        "lit-html": "^1.0.0"
      }
    },
    "lit-html": {
      "version": "1.1.2",
      "resolved": "https://registry.npmjs.org/lit-html/-/lit-html-1.1.2.tgz",
      "integrity": "sha512-FFlUMKHKi+qG1x1iHNZ1hrtc/zHmfYTyrSvs3/wBTvaNtpZjOZGWzU7efGYVpgp6KvWeKF6ql9/KsCq6Z/mEDA=="
    },
    "lodash": {
      "version": "4.17.15",
      "resolved": "https://registry.npmjs.org/lodash/-/lodash-4.17.15.tgz",
      "integrity": "sha512-8xOcRHvCjnocdS5cpwXQXVzmmh5e5+saE2QGoeQmbKmRS6J3VQppPOIt0MnmE+4xlZoumy0GPG0D0MVIQbNA1A==",
      "dev": true
    },
    "markdown-it": {
      "version": "8.4.2",
      "resolved": "https://registry.npmjs.org/markdown-it/-/markdown-it-8.4.2.tgz",
      "integrity": "sha512-GcRz3AWTqSUphY3vsUqQSFMbgR38a4Lh3GWlHRh/7MRwz8mcu9n2IO7HOh+bXHrR9kOPDl5RNCaEsrneb+xhHQ==",
      "dev": true,
      "requires": {
        "argparse": "^1.0.7",
        "entities": "~1.1.1",
        "linkify-it": "^2.0.0",
        "mdurl": "^1.0.1",
        "uc.micro": "^1.0.5"
      }
    },
    "markdown-it-anchor": {
      "version": "5.2.4",
      "resolved": "https://registry.npmjs.org/markdown-it-anchor/-/markdown-it-anchor-5.2.4.tgz",
      "integrity": "sha512-n8zCGjxA3T+Mx1pG8HEgbJbkB8JFUuRkeTZQuIM8iPY6oQ8sWOPRZJDFC9a/pNg2QkHEjjGkhBEl/RSyzaDZ3A==",
      "dev": true
    },
    "marked": {
      "version": "0.7.0",
      "resolved": "https://registry.npmjs.org/marked/-/marked-0.7.0.tgz",
      "integrity": "sha512-c+yYdCZJQrsRjTPhUx7VKkApw9bwDkNbHUKo1ovgcfDjb2kc8rLuRbIFyXL5WOEUwzSSKo3IXpph2K6DqB/KZg==",
      "dev": true
    },
    "mdurl": {
      "version": "1.0.1",
      "resolved": "https://registry.npmjs.org/mdurl/-/mdurl-1.0.1.tgz",
      "integrity": "sha1-/oWy7HWlkDfyrf7BAP1sYBdhFS4=",
      "dev": true
    },
    "minimist": {
      "version": "0.0.8",
      "resolved": "https://registry.npmjs.org/minimist/-/minimist-0.0.8.tgz",
      "integrity": "sha1-hX/Kv8M5fSYluCKCYuhqp6ARsF0=",
      "dev": true
    },
    "mkdirp": {
      "version": "0.5.1",
      "resolved": "https://registry.npmjs.org/mkdirp/-/mkdirp-0.5.1.tgz",
      "integrity": "sha1-MAV0OOrGz3+MR2fzhkjWaX11yQM=",
      "dev": true,
      "requires": {
        "minimist": "0.0.8"
      }
    },
    "requizzle": {
      "version": "0.2.3",
      "resolved": "https://registry.npmjs.org/requizzle/-/requizzle-0.2.3.tgz",
      "integrity": "sha512-YanoyJjykPxGHii0fZP0uUPEXpvqfBDxWV7s6GKAiiOsiqhX6vHNyW3Qzdmqp/iq/ExbhaGbVrjB4ruEVSM4GQ==",
      "dev": true,
      "requires": {
        "lodash": "^4.17.14"
      }
    },
    "sprintf-js": {
      "version": "1.0.3",
      "resolved": "https://registry.npmjs.org/sprintf-js/-/sprintf-js-1.0.3.tgz",
      "integrity": "sha1-BOaSb2YolTVPPdAVIDYzuFcpfiw=",
      "dev": true
    },
    "strip-json-comments": {
      "version": "3.0.1",
      "resolved": "https://registry.npmjs.org/strip-json-comments/-/strip-json-comments-3.0.1.tgz",
      "integrity": "sha512-VTyMAUfdm047mwKl+u79WIdrZxtFtn+nBxHeb844XBQ9uMNTuTHdx2hc5RiAJYqwTj3wc/xe5HLSdJSkJ+WfZw==",
      "dev": true
    },
    "tabbable": {
      "version": "4.0.0",
      "resolved": "https://registry.npmjs.org/tabbable/-/tabbable-4.0.0.tgz",
      "integrity": "sha512-H1XoH1URcBOa/rZZWxLxHCtOdVUEev+9vo5YdYhC9tCY4wnybX+VQrCYuy9ubkg69fCBxCONJOSLGfw0DWMffQ=="
    },
    "taffydb": {
      "version": "2.6.2",
      "resolved": "https://registry.npmjs.org/taffydb/-/taffydb-2.6.2.tgz",
      "integrity": "sha1-fLy2S1oUG2ou/CxdLGe04VCyomg=",
      "dev": true
    },
    "tslib": {
      "version": "1.10.0",
      "resolved": "https://registry.npmjs.org/tslib/-/tslib-1.10.0.tgz",
      "integrity": "sha512-qOebF53frne81cf0S9B41ByenJ3/IuH8yJKngAX35CmiZySA0khhkovshKK+jGCaMnVomla7gVlIcc3EvKPbTQ=="
    },
    "uc.micro": {
      "version": "1.0.6",
      "resolved": "https://registry.npmjs.org/uc.micro/-/uc.micro-1.0.6.tgz",
      "integrity": "sha512-8Y75pvTYkLJW2hWQHXxoqRgV7qb9B+9vFEtidML+7koHUFapnVJAZ6cKs+Qjz5Aw3aZWHMC6u0wJE3At+nSGwA==",
      "dev": true
    },
    "underscore": {
      "version": "1.9.1",
      "resolved": "https://registry.npmjs.org/underscore/-/underscore-1.9.1.tgz",
      "integrity": "sha512-5/4etnCkd9c8gwgowi5/om/mYO5ajCaOgdzj/oW+0eQV9WxKBDZw5+ycmKmeaTXjInS/W0BzpGLo2xR2aBwZdg==",
      "dev": true
    },
    "wicg-inert": {
      "version": "3.0.0",
      "resolved": "https://registry.npmjs.org/wicg-inert/-/wicg-inert-3.0.0.tgz",
      "integrity": "sha512-sZsYZ8pk8y6CgDLkTxivfhLDBvZuDWTWBawU8OuDdO0Id6AOd1Gqjkvt9g9Ni7rgHIS7UbRvbLSv1z7MSJDYCA=="
    },
    "xmlcreate": {
      "version": "2.0.1",
      "resolved": "https://registry.npmjs.org/xmlcreate/-/xmlcreate-2.0.1.tgz",
      "integrity": "sha512-MjGsXhKG8YjTKrDCXseFo3ClbMGvUD4en29H2Cev1dv4P/chlpw6KdYmlCWDkhosBVKRDjM836+3e3pm1cBNJA==",
      "dev": true
    },
    "xtend": {
      "version": "4.0.2",
      "resolved": "https://registry.npmjs.org/xtend/-/xtend-4.0.2.tgz",
      "integrity": "sha512-LKYU1iAXJXUgAXn9URjiu+MWhyUXHsvfp7mcuYm9dSUKK0/CjtrUwFAxD82/mCWbtLsGjFIad0wIsod4zrTAEQ=="
    }
  }
}
